// !$*UTF8*$!
{
	archiveVersion = 1;
	classes = {
	};
	objectVersion = 50;
	objects = {

/* Begin PBXBuildFile section */
		D875889121BA0BEA005C9DAB /* AppDelegate.swift in Sources */ = {isa = PBXBuildFile; fileRef = D875889021BA0BEA005C9DAB /* AppDelegate.swift */; };
		D875889321BA0BEA005C9DAB /* ViewController.swift in Sources */ = {isa = PBXBuildFile; fileRef = D875889221BA0BEA005C9DAB /* ViewController.swift */; };
		D875889621BA0BEA005C9DAB /* Main.storyboard in Resources */ = {isa = PBXBuildFile; fileRef = D875889421BA0BEA005C9DAB /* Main.storyboard */; };
		D875889821BA0BEC005C9DAB /* Assets.xcassets in Resources */ = {isa = PBXBuildFile; fileRef = D875889721BA0BEC005C9DAB /* Assets.xcassets */; };
		D875889B21BA0BEC005C9DAB /* LaunchScreen.storyboard in Resources */ = {isa = PBXBuildFile; fileRef = D875889921BA0BEC005C9DAB /* LaunchScreen.storyboard */; };
		D87588A621BA0BED005C9DAB /* TipCalculatorTests.swift in Sources */ = {isa = PBXBuildFile; fileRef = D87588A521BA0BED005C9DAB /* TipCalculatorTests.swift */; };
		D87588B121BA0BED005C9DAB /* TipCalculatorUITests.swift in Sources */ = {isa = PBXBuildFile; fileRef = D87588B021BA0BED005C9DAB /* TipCalculatorUITests.swift */; };
/* End PBXBuildFile section */

/* Begin PBXContainerItemProxy section */
		D87588A221BA0BED005C9DAB /* PBXContainerItemProxy */ = {
			isa = PBXContainerItemProxy;
			containerPortal = D875888521BA0BEA005C9DAB /* Project object */;
			proxyType = 1;
			remoteGlobalIDString = D875888C21BA0BEA005C9DAB;
			remoteInfo = TipCalculator;
		};
		D87588AD21BA0BED005C9DAB /* PBXContainerItemProxy */ = {
			isa = PBXContainerItemProxy;
			containerPortal = D875888521BA0BEA005C9DAB /* Project object */;
			proxyType = 1;
			remoteGlobalIDString = D875888C21BA0BEA005C9DAB;
			remoteInfo = TipCalculator;
		};
/* End PBXContainerItemProxy section */

/* Begin PBXFileReference section */
		D875888D21BA0BEA005C9DAB /* TipCalculator.app */ = {isa = PBXFileReference; explicitFileType = wrapper.application; includeInIndex = 0; path = TipCalculator.app; sourceTree = BUILT_PRODUCTS_DIR; };
		D875889021BA0BEA005C9DAB /* AppDelegate.swift */ = {isa = PBXFileReference; lastKnownFileType = sourcecode.swift; path = AppDelegate.swift; sourceTree = "<group>"; };
		D875889221BA0BEA005C9DAB /* ViewController.swift */ = {isa = PBXFileReference; lastKnownFileType = sourcecode.swift; path = ViewController.swift; sourceTree = "<group>"; };
		D875889521BA0BEA005C9DAB /* Base */ = {isa = PBXFileReference; lastKnownFileType = file.storyboard; name = Base; path = Base.lproj/Main.storyboard; sourceTree = "<group>"; };
		D875889721BA0BEC005C9DAB /* Assets.xcassets */ = {isa = PBXFileReference; lastKnownFileType = folder.assetcatalog; path = Assets.xcassets; sourceTree = "<group>"; };
		D875889A21BA0BEC005C9DAB /* Base */ = {isa = PBXFileReference; lastKnownFileType = file.storyboard; name = Base; path = Base.lproj/LaunchScreen.storyboard; sourceTree = "<group>"; };
		D875889C21BA0BEC005C9DAB /* Info.plist */ = {isa = PBXFileReference; lastKnownFileType = text.plist.xml; path = Info.plist; sourceTree = "<group>"; };
		D87588A121BA0BED005C9DAB /* TipCalculatorTests.xctest */ = {isa = PBXFileReference; explicitFileType = wrapper.cfbundle; includeInIndex = 0; path = TipCalculatorTests.xctest; sourceTree = BUILT_PRODUCTS_DIR; };
		D87588A521BA0BED005C9DAB /* TipCalculatorTests.swift */ = {isa = PBXFileReference; lastKnownFileType = sourcecode.swift; path = TipCalculatorTests.swift; sourceTree = "<group>"; };
		D87588A721BA0BED005C9DAB /* Info.plist */ = {isa = PBXFileReference; lastKnownFileType = text.plist.xml; path = Info.plist; sourceTree = "<group>"; };
		D87588AC21BA0BED005C9DAB /* TipCalculatorUITests.xctest */ = {isa = PBXFileReference; explicitFileType = wrapper.cfbundle; includeInIndex = 0; path = TipCalculatorUITests.xctest; sourceTree = BUILT_PRODUCTS_DIR; };
		D87588B021BA0BED005C9DAB /* TipCalculatorUITests.swift */ = {isa = PBXFileReference; lastKnownFileType = sourcecode.swift; path = TipCalculatorUITests.swift; sourceTree = "<group>"; };
		D87588B221BA0BED005C9DAB /* Info.plist */ = {isa = PBXFileReference; lastKnownFileType = text.plist.xml; path = Info.plist; sourceTree = "<group>"; };
/* End PBXFileReference section */

/* Begin PBXFrameworksBuildPhase section */
		D875888A21BA0BEA005C9DAB /* Frameworks */ = {
			isa = PBXFrameworksBuildPhase;
			buildActionMask = 2147483647;
			files = (
			);
			runOnlyForDeploymentPostprocessing = 0;
		};
		D875889E21BA0BED005C9DAB /* Frameworks */ = {
			isa = PBXFrameworksBuildPhase;
			buildActionMask = 2147483647;
			files = (
			);
			runOnlyForDeploymentPostprocessing = 0;
		};
		D87588A921BA0BED005C9DAB /* Frameworks */ = {
			isa = PBXFrameworksBuildPhase;
			buildActionMask = 2147483647;
			files = (
			);
			runOnlyForDeploymentPostprocessing = 0;
		};
/* End PBXFrameworksBuildPhase section */

/* Begin PBXGroup section */
		D875888421BA0BEA005C9DAB = {
			isa = PBXGroup;
			children = (
				D875888F21BA0BEA005C9DAB /* TipCalculator */,
				D87588A421BA0BED005C9DAB /* TipCalculatorTests */,
				D87588AF21BA0BED005C9DAB /* TipCalculatorUITests */,
				D875888E21BA0BEA005C9DAB /* Products */,
			);
			sourceTree = "<group>";
		};
		D875888E21BA0BEA005C9DAB /* Products */ = {
			isa = PBXGroup;
			children = (
				D875888D21BA0BEA005C9DAB /* TipCalculator.app */,
				D87588A121BA0BED005C9DAB /* TipCalculatorTests.xctest */,
				D87588AC21BA0BED005C9DAB /* TipCalculatorUITests.xctest */,
			);
			name = Products;
			sourceTree = "<group>";
		};
		D875888F21BA0BEA005C9DAB /* TipCalculator */ = {
			isa = PBXGroup;
			children = (
				D875889021BA0BEA005C9DAB /* AppDelegate.swift */,
				D875889221BA0BEA005C9DAB /* ViewController.swift */,
				D875889421BA0BEA005C9DAB /* Main.storyboard */,
				D875889721BA0BEC005C9DAB /* Assets.xcassets */,
				D875889921BA0BEC005C9DAB /* LaunchScreen.storyboard */,
				D875889C21BA0BEC005C9DAB /* Info.plist */,
			);
			path = TipCalculator;
			sourceTree = "<group>";
		};
		D87588A421BA0BED005C9DAB /* TipCalculatorTests */ = {
			isa = PBXGroup;
			children = (
				D87588A521BA0BED005C9DAB /* TipCalculatorTests.swift */,
				D87588A721BA0BED005C9DAB /* Info.plist */,
			);
			path = TipCalculatorTests;
			sourceTree = "<group>";
		};
		D87588AF21BA0BED005C9DAB /* TipCalculatorUITests */ = {
			isa = PBXGroup;
			children = (
				D87588B021BA0BED005C9DAB /* TipCalculatorUITests.swift */,
				D87588B221BA0BED005C9DAB /* Info.plist */,
			);
			path = TipCalculatorUITests;
			sourceTree = "<group>";
		};
/* End PBXGroup section */

/* Begin PBXNativeTarget section */
		D875888C21BA0BEA005C9DAB /* TipCalculator */ = {
			isa = PBXNativeTarget;
			buildConfigurationList = D87588B521BA0BED005C9DAB /* Build configuration list for PBXNativeTarget "TipCalculator" */;
			buildPhases = (
				D875888921BA0BEA005C9DAB /* Sources */,
				D875888A21BA0BEA005C9DAB /* Frameworks */,
				D875888B21BA0BEA005C9DAB /* Resources */,
			);
			buildRules = (
			);
			dependencies = (
			);
			name = TipCalculator;
			productName = TipCalculator;
			productReference = D875888D21BA0BEA005C9DAB /* TipCalculator.app */;
			productType = "com.apple.product-type.application";
		};
		D87588A021BA0BED005C9DAB /* TipCalculatorTests */ = {
			isa = PBXNativeTarget;
			buildConfigurationList = D87588B821BA0BED005C9DAB /* Build configuration list for PBXNativeTarget "TipCalculatorTests" */;
			buildPhases = (
				D875889D21BA0BED005C9DAB /* Sources */,
				D875889E21BA0BED005C9DAB /* Frameworks */,
				D875889F21BA0BED005C9DAB /* Resources */,
			);
			buildRules = (
			);
			dependencies = (
				D87588A321BA0BED005C9DAB /* PBXTargetDependency */,
			);
			name = TipCalculatorTests;
			productName = TipCalculatorTests;
			productReference = D87588A121BA0BED005C9DAB /* TipCalculatorTests.xctest */;
			productType = "com.apple.product-type.bundle.unit-test";
		};
		D87588AB21BA0BED005C9DAB /* TipCalculatorUITests */ = {
			isa = PBXNativeTarget;
			buildConfigurationList = D87588BB21BA0BED005C9DAB /* Build configuration list for PBXNativeTarget "TipCalculatorUITests" */;
			buildPhases = (
				D87588A821BA0BED005C9DAB /* Sources */,
				D87588A921BA0BED005C9DAB /* Frameworks */,
				D87588AA21BA0BED005C9DAB /* Resources */,
			);
			buildRules = (
			);
			dependencies = (
				D87588AE21BA0BED005C9DAB /* PBXTargetDependency */,
			);
			name = TipCalculatorUITests;
			productName = TipCalculatorUITests;
			productReference = D87588AC21BA0BED005C9DAB /* TipCalculatorUITests.xctest */;
			productType = "com.apple.product-type.bundle.ui-testing";
		};
/* End PBXNativeTarget section */

/* Begin PBXProject section */
		D875888521BA0BEA005C9DAB /* Project object */ = {
			isa = PBXProject;
			attributes = {
				KnownAssetTags = (
					"ui ",
				);
				LastSwiftUpdateCheck = 1010;
				LastUpgradeCheck = 1010;
				ORGANIZATIONNAME = "Nathan  Abegaz";
				TargetAttributes = {
					D875888C21BA0BEA005C9DAB = {
						CreatedOnToolsVersion = 10.1;
					};
					D87588A021BA0BED005C9DAB = {
						CreatedOnToolsVersion = 10.1;
						TestTargetID = D875888C21BA0BEA005C9DAB;
					};
					D87588AB21BA0BED005C9DAB = {
						CreatedOnToolsVersion = 10.1;
						TestTargetID = D875888C21BA0BEA005C9DAB;
					};
				};
			};
			buildConfigurationList = D875888821BA0BEA005C9DAB /* Build configuration list for PBXProject "TipCalculator" */;
			compatibilityVersion = "Xcode 9.3";
			developmentRegion = en;
			hasScannedForEncodings = 0;
			knownRegions = (
				en,
				Base,
			);
			mainGroup = D875888421BA0BEA005C9DAB;
			productRefGroup = D875888E21BA0BEA005C9DAB /* Products */;
			projectDirPath = "";
			projectRoot = "";
			targets = (
				D875888C21BA0BEA005C9DAB /* TipCalculator */,
				D87588A021BA0BED005C9DAB /* TipCalculatorTests */,
				D87588AB21BA0BED005C9DAB /* TipCalculatorUITests */,
			);
		};
/* End PBXProject section */

/* Begin PBXResourcesBuildPhase section */
		D875888B21BA0BEA005C9DAB /* Resources */ = {
			isa = PBXResourcesBuildPhase;
			buildActionMask = 2147483647;
			files = (
				D875889B21BA0BEC005C9DAB /* LaunchScreen.storyboard in Resources */,
				D875889821BA0BEC005C9DAB /* Assets.xcassets in Resources */,
				D875889621BA0BEA005C9DAB /* Main.storyboard in Resources */,
			);
			runOnlyForDeploymentPostprocessing = 0;
		};
		D875889F21BA0BED005C9DAB /* Resources */ = {
			isa = PBXResourcesBuildPhase;
			buildActionMask = 2147483647;
			files = (
			);
			runOnlyForDeploymentPostprocessing = 0;
		};
		D87588AA21BA0BED005C9DAB /* Resources */ = {
			isa = PBXResourcesBuildPhase;
			buildActionMask = 2147483647;
			files = (
			);
			runOnlyForDeploymentPostprocessing = 0;
		};
/* End PBXResourcesBuildPhase section */

/* Begin PBXSourcesBuildPhase section */
		D875888921BA0BEA005C9DAB /* Sources */ = {
			isa = PBXSourcesBuildPhase;
			buildActionMask = 2147483647;
			files = (
				D875889321BA0BEA005C9DAB /* ViewController.swift in Sources */,
				D875889121BA0BEA005C9DAB /* AppDelegate.swift in Sources */,
			);
			runOnlyForDeploymentPostprocessing = 0;
		};
		D875889D21BA0BED005C9DAB /* Sources */ = {
			isa = PBXSourcesBuildPhase;
			buildActionMask = 2147483647;
			files = (
				D87588A621BA0BED005C9DAB /* TipCalculatorTests.swift in Sources */,
			);
			runOnlyForDeploymentPostprocessing = 0;
		};
		D87588A821BA0BED005C9DAB /* Sources */ = {
			isa = PBXSourcesBuildPhase;
			buildActionMask = 2147483647;
			files = (
				D87588B121BA0BED005C9DAB /* TipCalculatorUITests.swift in Sources */,
			);
			runOnlyForDeploymentPostprocessing = 0;
		};
/* End PBXSourcesBuildPhase section */

/* Begin PBXTargetDependency section */
		D87588A321BA0BED005C9DAB /* PBXTargetDependency */ = {
			isa = PBXTargetDependency;
			target = D875888C21BA0BEA005C9DAB /* TipCalculator */;
			targetProxy = D87588A221BA0BED005C9DAB /* PBXContainerItemProxy */;
		};
		D87588AE21BA0BED005C9DAB /* PBXTargetDependency */ = {
			isa = PBXTargetDependency;
			target = D875888C21BA0BEA005C9DAB /* TipCalculator */;
			targetProxy = D87588AD21BA0BED005C9DAB /* PBXContainerItemProxy */;
		};
/* End PBXTargetDependency section */

/* Begin PBXVariantGroup section */
		D875889421BA0BEA005C9DAB /* Main.storyboard */ = {
			isa = PBXVariantGroup;
			children = (
				D875889521BA0BEA005C9DAB /* Base */,
			);
			name = Main.storyboard;
			sourceTree = "<group>";
		};
		D875889921BA0BEC005C9DAB /* LaunchScreen.storyboard */ = {
			isa = PBXVariantGroup;
			children = (
				D875889A21BA0BEC005C9DAB /* Base */,
			);
			name = LaunchScreen.storyboard;
			sourceTree = "<group>";
		};
/* End PBXVariantGroup section */

/* Begin XCBuildConfiguration section */
		D87588B321BA0BED005C9DAB /* Debug */ = {
			isa = XCBuildConfiguration;
			buildSettings = {
				ALWAYS_SEARCH_USER_PATHS = NO;
				CLANG_ANALYZER_NONNULL = YES;
				CLANG_ANALYZER_NUMBER_OBJECT_CONVERSION = YES_AGGRESSIVE;
				CLANG_CXX_LANGUAGE_STANDARD = "gnu++14";
				CLANG_CXX_LIBRARY = "libc++";
				CLANG_ENABLE_MODULES = YES;
				CLANG_ENABLE_OBJC_ARC = YES;
				CLANG_ENABLE_OBJC_WEAK = YES;
				CLANG_WARN_BLOCK_CAPTURE_AUTORELEASING = YES;
				CLANG_WARN_BOOL_CONVERSION = YES;
				CLANG_WARN_COMMA = YES;
				CLANG_WARN_CONSTANT_CONVERSION = YES;
				CLANG_WARN_DEPRECATED_OBJC_IMPLEMENTATIONS = YES;
				CLANG_WARN_DIRECT_OBJC_ISA_USAGE = YES_ERROR;
				CLANG_WARN_DOCUMENTATION_COMMENTS = YES;
				CLANG_WARN_EMPTY_BODY = YES;
				CLANG_WARN_ENUM_CONVERSION = YES;
				CLANG_WARN_INFINITE_RECURSION = YES;
				CLANG_WARN_INT_CONVERSION = YES;
				CLANG_WARN_NON_LITERAL_NULL_CONVERSION = YES;
				CLANG_WARN_OBJC_IMPLICIT_RETAIN_SELF = YES;
				CLANG_WARN_OBJC_LITERAL_CONVERSION = YES;
				CLANG_WARN_OBJC_ROOT_CLASS = YES_ERROR;
				CLANG_WARN_RANGE_LOOP_ANALYSIS = YES;
				CLANG_WARN_STRICT_PROTOTYPES = YES;
				CLANG_WARN_SUSPICIOUS_MOVE = YES;
				CLANG_WARN_UNGUARDED_AVAILABILITY = YES_AGGRESSIVE;
				CLANG_WARN_UNREACHABLE_CODE = YES;
				CLANG_WARN__DUPLICATE_METHOD_MATCH = YES;
				CODE_SIGN_IDENTITY = "iPhone Developer";
				COPY_PHASE_STRIP = NO;
				DEBUG_INFORMATION_FORMAT = dwarf;
				ENABLE_STRICT_OBJC_MSGSEND = YES;
				ENABLE_TESTABILITY = YES;
				GCC_C_LANGUAGE_STANDARD = gnu11;
				GCC_DYNAMIC_NO_PIC = NO;
				GCC_NO_COMMON_BLOCKS = YES;
				GCC_OPTIMIZATION_LEVEL = 0;
				GCC_PREPROCESSOR_DEFINITIONS = (
					"DEBUG=1",
					"$(inherited)",
				);
				GCC_WARN_64_TO_32_BIT_CONVERSION = YES;
				GCC_WARN_ABOUT_RETURN_TYPE = YES_ERROR;
				GCC_WARN_UNDECLARED_SELECTOR = YES;
				GCC_WARN_UNINITIALIZED_AUTOS = YES_AGGRESSIVE;
				GCC_WARN_UNUSED_FUNCTION = YES;
				GCC_WARN_UNUSED_VARIABLE = YES;
				IPHONEOS_DEPLOYMENT_TARGET = 12.1;
				MTL_ENABLE_DEBUG_INFO = INCLUDE_SOURCE;
				MTL_FAST_MATH = YES;
				ONLY_ACTIVE_ARCH = YES;
				SDKROOT = iphoneos;
				SWIFT_ACTIVE_COMPILATION_CONDITIONS = DEBUG;
				SWIFT_OPTIMIZATION_LEVEL = "-Onone";
			};
			name = Debug;
		};
		D87588B421BA0BED005C9DAB /* Release */ = {
			isa = XCBuildConfiguration;
			buildSettings = {
				ALWAYS_SEARCH_USER_PATHS = NO;
				CLANG_ANALYZER_NONNULL = YES;
				CLANG_ANALYZER_NUMBER_OBJECT_CONVERSION = YES_AGGRESSIVE;
				CLANG_CXX_LANGUAGE_STANDARD = "gnu++14";
				CLANG_CXX_LIBRARY = "libc++";
				CLANG_ENABLE_MODULES = YES;
				CLANG_ENABLE_OBJC_ARC = YES;
				CLANG_ENABLE_OBJC_WEAK = YES;
				CLANG_WARN_BLOCK_CAPTURE_AUTORELEASING = YES;
				CLANG_WARN_BOOL_CONVERSION = YES;
				CLANG_WARN_COMMA = YES;
				CLANG_WARN_CONSTANT_CONVERSION = YES;
				CLANG_WARN_DEPRECATED_OBJC_IMPLEMENTATIONS = YES;
				CLANG_WARN_DIRECT_OBJC_ISA_USAGE = YES_ERROR;
				CLANG_WARN_DOCUMENTATION_COMMENTS = YES;
				CLANG_WARN_EMPTY_BODY = YES;
				CLANG_WARN_ENUM_CONVERSION = YES;
				CLANG_WARN_INFINITE_RECURSION = YES;
				CLANG_WARN_INT_CONVERSION = YES;
				CLANG_WARN_NON_LITERAL_NULL_CONVERSION = YES;
				CLANG_WARN_OBJC_IMPLICIT_RETAIN_SELF = YES;
				CLANG_WARN_OBJC_LITERAL_CONVERSION = YES;
				CLANG_WARN_OBJC_ROOT_CLASS = YES_ERROR;
				CLANG_WARN_RANGE_LOOP_ANALYSIS = YES;
				CLANG_WARN_STRICT_PROTOTYPES = YES;
				CLANG_WARN_SUSPICIOUS_MOVE = YES;
				CLANG_WARN_UNGUARDED_AVAILABILITY = YES_AGGRESSIVE;
				CLANG_WARN_UNREACHABLE_CODE = YES;
				CLANG_WARN__DUPLICATE_METHOD_MATCH = YES;
				CODE_SIGN_IDENTITY = "iPhone Developer";
				COPY_PHASE_STRIP = NO;
				DEBUG_INFORMATION_FORMAT = "dwarf-with-dsym";
				ENABLE_NS_ASSERTIONS = NO;
				ENABLE_STRICT_OBJC_MSGSEND = YES;
				GCC_C_LANGUAGE_STANDARD = gnu11;
				GCC_NO_COMMON_BLOCKS = YES;
				GCC_WARN_64_TO_32_BIT_CONVERSION = YES;
				GCC_WARN_ABOUT_RETURN_TYPE = YES_ERROR;
				GCC_WARN_UNDECLARED_SELECTOR = YES;
				GCC_WARN_UNINITIALIZED_AUTOS = YES_AGGRESSIVE;
				GCC_WARN_UNUSED_FUNCTION = YES;
				GCC_WARN_UNUSED_VARIABLE = YES;
				IPHONEOS_DEPLOYMENT_TARGET = 12.1;
				MTL_ENABLE_DEBUG_INFO = NO;
				MTL_FAST_MATH = YES;
				SDKROOT = iphoneos;
				SWIFT_COMPILATION_MODE = wholemodule;
				SWIFT_OPTIMIZATION_LEVEL = "-O";
				VALIDATE_PRODUCT = YES;
			};
			name = Release;
		};
		D87588B621BA0BED005C9DAB /* Debug */ = {
			isa = XCBuildConfiguration;
			buildSettings = {
				ASSETCATALOG_COMPILER_APPICON_NAME = AppIcon;
				CODE_SIGN_STYLE = Automatic;
				INFOPLIST_FILE = TipCalculator/Info.plist;
				LD_RUNPATH_SEARCH_PATHS = (
					"$(inherited)",
					"@executable_path/Frameworks",
				);
				PRODUCT_BUNDLE_IDENTIFIER = Nate.TipCalculator;
				PRODUCT_NAME = "$(TARGET_NAME)";
				SWIFT_VERSION = 4.2;
				TARGETED_DEVICE_FAMILY = "1,2";
			};
			name = Debug;
		};
		D87588B721BA0BED005C9DAB /* Release */ = {
			isa = XCBuildConfiguration;
			buildSettings = {
				ASSETCATALOG_COMPILER_APPICON_NAME = AppIcon;
				CODE_SIGN_STYLE = Automatic;
				INFOPLIST_FILE = TipCalculator/Info.plist;
				LD_RUNPATH_SEARCH_PATHS = (
					"$(inherited)",
					"@executable_path/Frameworks",
				);
				PRODUCT_BUNDLE_IDENTIFIER = Nate.TipCalculator;
				PRODUCT_NAME = "$(TARGET_NAME)";
				SWIFT_VERSION = 4.2;
				TARGETED_DEVICE_FAMILY = "1,2";
			};
			name = Release;
		};
		D87588B921BA0BED005C9DAB /* Debug */ = {
			isa = XCBuildConfiguration;
			buildSettings = {
				ALWAYS_EMBED_SWIFT_STANDARD_LIBRARIES = YES;
				BUNDLE_LOADER = "$(TEST_HOST)";
				CODE_SIGN_STYLE = Automatic;
				INFOPLIST_FILE = TipCalculatorTests/Info.plist;
				LD_RUNPATH_SEARCH_PATHS = (
					"$(inherited)",
					"@executable_path/Frameworks",
					"@loader_path/Frameworks",
				);
				PRODUCT_BUNDLE_IDENTIFIER = Nate.TipCalculatorTests;
				PRODUCT_NAME = "$(TARGET_NAME)";
				SWIFT_VERSION = 4.2;
				TARGETED_DEVICE_FAMILY = "1,2";
				TEST_HOST = "$(BUILT_PRODUCTS_DIR)/TipCalculator.app/TipCalculator";
			};
			name = Debug;
		};
		D87588BA21BA0BED005C9DAB /* Release */ = {
			isa = XCBuildConfiguration;
			buildSettings = {
				ALWAYS_EMBED_SWIFT_STANDARD_LIBRARIES = YES;
				BUNDLE_LOADER = "$(TEST_HOST)";
				CODE_SIGN_STYLE = Automatic;
				INFOPLIST_FILE = TipCalculatorTests/Info.plist;
				LD_RUNPATH_SEARCH_PATHS = (
					"$(inherited)",
					"@executable_path/Frameworks",
					"@loader_path/Frameworks",
				);
				PRODUCT_BUNDLE_IDENTIFIER = Nate.TipCalculatorTests;
				PRODUCT_NAME = "$(TARGET_NAME)";
				SWIFT_VERSION = 4.2;
				TARGETED_DEVICE_FAMILY = "1,2";
				TEST_HOST = "$(BUILT_PRODUCTS_DIR)/TipCalculator.app/TipCalculator";
			};
			name = Release;
		};
		D87588BC21BA0BED005C9DAB /* Debug */ = {
			isa = XCBuildConfiguration;
			buildSettings = {
				ALWAYS_EMBED_SWIFT_STANDARD_LIBRARIES = YES;
				CODE_SIGN_STYLE = Automatic;
				INFOPLIST_FILE = TipCalculatorUITests/Info.plist;
				LD_RUNPATH_SEARCH_PATHS = (
					"$(inherited)",
					"@executable_path/Frameworks",
					"@loader_path/Frameworks",
				);
				PRODUCT_BUNDLE_IDENTIFIER = Nate.TipCalculatorUITests;
				PRODUCT_NAME = "$(TARGET_NAME)";
				SWIFT_VERSION = 4.2;
				TARGETED_DEVICE_FAMILY = "1,2";
				TEST_TARGET_NAME = TipCalculator;
			};
			name = Debug;
		};
		D87588BD21BA0BED005C9DAB /* Release */ = {
			isa = XCBuildConfiguration;
			buildSettings = {
				ALWAYS_EMBED_SWIFT_STANDARD_LIBRARIES = YES;
				CODE_SIGN_STYLE = Automatic;
				INFOPLIST_FILE = TipCalculatorUITests/Info.plist;
				LD_RUNPATH_SEARCH_PATHS = (
					"$(inherited)",
					"@executable_path/Frameworks",
					"@loader_path/Frameworks",
				);
				PRODUCT_BUNDLE_IDENTIFIER = Nate.TipCalculatorUITests;
				PRODUCT_NAME = "$(TARGET_NAME)";
				SWIFT_VERSION = 4.2;
				TARGETED_DEVICE_FAMILY = "1,2";
				TEST_TARGET_NAME = TipCalculator;
			};
			name = Release;
		};
/* End XCBuildConfiguration section */

/* Begin XCConfigurationList section */
		D875888821BA0BEA005C9DAB /* Build configuration list for PBXProject "TipCalculator" */ = {
			isa = XCConfigurationList;
			buildConfigurations = (
				D87588B321BA0BED005C9DAB /* Debug */,
				D87588B421BA0BED005C9DAB /* Release */,
			);
			defaultConfigurationIsVisible = 0;
			defaultConfigurationName = Release;
		};
		D87588B521BA0BED005C9DAB /* Build configuration list for PBXNativeTarget "TipCalculator" */ = {
			isa = XCConfigurationList;
			buildConfigurations = (
				D87588B621BA0BED005C9DAB /* Debug */,
				D87588B721BA0BED005C9DAB /* Release */,
			);
			defaultConfigurationIsVisible = 0;
			defaultConfigurationName = Release;
		};
		D87588B821BA0BED005C9DAB /* Build configuration list for PBXNativeTarget "TipCalculatorTests" */ = {
			isa = XCConfigurationList;
			buildConfigurations = (
				D87588B921BA0BED005C9DAB /* Debug */,
				D87588BA21BA0BED005C9DAB /* Release */,
			);
			defaultConfigurationIsVisible = 0;
			defaultConfigurationName = Release;
		};
		D87588BB21BA0BED005C9DAB /* Build configuration list for PBXNativeTarget "TipCalculatorUITests" */ = {
			isa = XCConfigurationList;
			buildConfigurations = (
				D87588BC21BA0BED005C9DAB /* Debug */,
				D87588BD21BA0BED005C9DAB /* Release */,
			);
			defaultConfigurationIsVisible = 0;
			defaultConfigurationName = Release;
		};
/* End XCConfigurationList section */
	};
	rootObject = D875888521BA0BEA005C9DAB /* Project object */;
}
